
Microsoft Visual Studio Solution File, Format Version 12.00
# Visual Studio Version 17
VisualStudioVersion = 17.14.36717.8 d17.14
MinimumVisualStudioVersion = 10.0.40219.1
Project("{FAE04EC0-301F-11D3-BF4B-00C04F79EFBC}") = "Cli", "Cli\Cli.csproj", "{B490A68D-6B87-4BBC-B4A8-38691B615F49}"
EndProject
Global
	GlobalSection(SolutionConfigurationPlatforms) = preSolution
		Debug|Any CPU = Debug|Any CPU
		Release|Any CPU = Release|Any CPU
	EndGlobalSection
	GlobalSection(ProjectConfigurationPlatforms) = postSolution
		{B490A68D-6B87-4BBC-B4A8-38691B615F49}.Debug|Any CPU.ActiveCfg = Debug|Any CPU
		{B490A68D-6B87-4BBC-B4A8-38691B615F49}.Debug|Any CPU.Build.0 = Debug|Any CPU
		{B490A68D-6B87-4BBC-B4A8-38691B615F49}.Release|Any CPU.ActiveCfg = Release|Any CPU
		{B490A68D-6B87-4BBC-B4A8-38691B615F49}.Release|Any CPU.Build.0 = Release|Any CPU
	EndGlobalSection
	GlobalSection(SolutionProperties) = preSolution
		HideSolutionNode = FALSE
	EndGlobalSection
	GlobalSection(ExtensibilityGlobals) = postSolution
		SolutionGuid = {6C779B91-8591-4B77-AF60-548FDBF72728}
	EndGlobalSection
EndGlobal
